
Microsoft Visual Studio Solution File, Format Version 12.00
# Visual Studio Version 17
VisualStudioVersion = 17.5.33530.505
MinimumVisualStudioVersion = 10.0.40219.1
Project("{9A19103F-16F7-4668-BE54-9A1E7A4F7556}") = "RapFinands", "RapFinands.csproj", "{8E6D356B-C73C-4ED0-88A7-BDADBD0F6475}"
EndProject
Global
	GlobalSection(SolutionConfigurationPlatforms) = preSolution
		Debug|Any CPU = Debug|Any CPU
		Release|Any CPU = Release|Any CPU
	EndGlobalSection
	GlobalSection(ProjectConfigurationPlatforms) = postSolution
		{8E6D356B-C73C-4ED0-88A7-BDADBD0F6475}.Debug|Any CPU.ActiveCfg = Debug|Any CPU
		{8E6D356B-C73C-4ED0-88A7-BDADBD0F6475}.Debug|Any CPU.Build.0 = Debug|Any CPU
		{8E6D356B-C73C-4ED0-88A7-BDADBD0F6475}.Release|Any CPU.ActiveCfg = Release|Any CPU
		{8E6D356B-C73C-4ED0-88A7-BDADBD0F6475}.Release|Any CPU.Build.0 = Release|Any CPU
	EndGlobalSection
	GlobalSection(SolutionProperties) = preSolution
		HideSolutionNode = FALSE
	EndGlobalSection
	GlobalSection(ExtensibilityGlobals) = postSolution
		SolutionGuid = {22CA1C27-4BFD-4140-AA1F-6F4D8FF0C12C}
	EndGlobalSection
EndGlobal
